
Microsoft Visual Studio Solution File, Format Version 12.00
# Visual Studio Version 16
VisualStudioVersion = 16.0.31019.35
MinimumVisualStudioVersion = 10.0.40219.1
Project("{9A19103F-16F7-4668-BE54-9A1E7A4F7556}") = "TP_Web", "TP_Web\TP_Web.csproj", "{8069129E-66BD-4E73-A8F8-1432A4329A48}"
EndProject
Project("{9A19103F-16F7-4668-BE54-9A1E7A4F7556}") = "TP_WebAppli.Tests", "TP_WebAppli.Tests\TP_WebAppli.Tests.csproj", "{EAC88B1A-E759-421B-8035-3E1DF9E87691}"
EndProject
Global
	GlobalSection(SolutionConfigurationPlatforms) = preSolution
		Debug|Any CPU = Debug|Any CPU
		Release|Any CPU = Release|Any CPU
	EndGlobalSection
	GlobalSection(ProjectConfigurationPlatforms) = postSolution
		{8069129E-66BD-4E73-A8F8-1432A4329A48}.Debug|Any CPU.ActiveCfg = Debug|Any CPU
		{8069129E-66BD-4E73-A8F8-1432A4329A48}.Debug|Any CPU.Build.0 = Debug|Any CPU
		{8069129E-66BD-4E73-A8F8-1432A4329A48}.Release|Any CPU.ActiveCfg = Release|Any CPU
		{8069129E-66BD-4E73-A8F8-1432A4329A48}.Release|Any CPU.Build.0 = Release|Any CPU
		{EAC88B1A-E759-421B-8035-3E1DF9E87691}.Debug|Any CPU.ActiveCfg = Debug|Any CPU
		{EAC88B1A-E759-421B-8035-3E1DF9E87691}.Debug|Any CPU.Build.0 = Debug|Any CPU
		{EAC88B1A-E759-421B-8035-3E1DF9E87691}.Release|Any CPU.ActiveCfg = Release|Any CPU
		{EAC88B1A-E759-421B-8035-3E1DF9E87691}.Release|Any CPU.Build.0 = Release|Any CPU
	EndGlobalSection
	GlobalSection(SolutionProperties) = preSolution
		HideSolutionNode = FALSE
	EndGlobalSection
	GlobalSection(ExtensibilityGlobals) = postSolution
		SolutionGuid = {11202ED5-95DE-44F6-AB4F-AA409405369B}
	EndGlobalSection
EndGlobal
